{
  "lockfileVersion": 1,
  "configVersion": 0,
  "workspaces": {
    "": {
      "name": "smultron",
      "dependencies": {
        "@asteasolutions/zod-to-openapi": "^8.5.0",
        "@aws-sdk/client-dynamodb": "^3.1046.0",
        "@aws-sdk/client-ses": "^3.1046.0",
        "@aws-sdk/lib-dynamodb": "^3.1046.0",
        "bcryptjs": "^3.0.3",
        "jsonwebtoken": "^9.0.3",
        "prettier": "^3.8.3",
        "zod": "^4.4.3",
        "zod-openapi": "^5.4.6",
        "zod-to-openapi": "^0.2.1",
      },
      "devDependencies": {
        "@playwright/test": "^1.61.1",
        "@types/aws-lambda": "^8.10.161",
        "@types/bcryptjs": "^3.0.0",
        "@types/bun": "^1.3.14",
        "@types/jsonwebtoken": "^9.0.10",
        "@types/node": "^25.7.0",
        "aws-cdk": "^2.1121.0",
        "aws-cdk-lib": "^2.254.0",
        "constructs": "^10.6.0",
        "yaml": "^2.9.0",
        "zod-to-json-schema": "^3.25.2",
      },
      "peerDependencies": {
        "typescript": "^6.0.3",
      },
    },
  },
  "packages": {
    "@asteasolutions/zod-to-openapi": ["@asteasolutions/zod-to-openapi@8.5.0", "", { "dependencies": { "openapi3-ts": "^4.1.2" }, "peerDependencies": { "zod": "^4.0.0" } }, "sha512-SABbKiObg5dLRiTFnqiW1WWwGcg1BJfmHtT2asIBnBHg6Smy/Ms2KHc650+JI4Hw7lSkdiNebEGXpwoxfben8Q=="],

    "@aws-cdk/asset-awscli-v1": ["@aws-cdk/asset-awscli-v1@2.2.273", "", {}, "sha512-X57HYUtHt9BQrlrzUNcMyRsDUCoakYNnY6qh5lNwRCHPtQoTfXmuISkfLk0AjLkcbS5lw1LLTQFiQhTDXfiTvg=="],

    "@aws-cdk/asset-node-proxy-agent-v6": ["@aws-cdk/asset-node-proxy-agent-v6@2.1.1", "", {}, "sha512-We4bmHaowOPHr+IQR4/FyTGjRfjgBj4ICMjtqmJeBDWad3Q/6St12NT07leNtyuukv2qMhtSZJQorD8KpKTwRA=="],

    "@aws-cdk/cloud-assembly-schema": ["@aws-cdk/cloud-assembly-schema@53.23.0", "", { "dependencies": { "jsonschema": "~1.4.1", "semver": "^7.7.4" } }, "sha512-/8bIjpLrr34pMMt+/wQo1bNssHS8squz2aXKz3TVWDKhZg7TxZK7boMY1WQND9APUEtavopIBsrPqwC4Z3qESw=="],

    "@aws-crypto/crc32": ["@aws-crypto/crc32@5.2.0", "", { "dependencies": { "@aws-crypto/util": "^5.2.0", "@aws-sdk/types": "^3.222.0", "tslib": "^2.6.2" } }, "sha512-nLbCWqQNgUiwwtFsen1AdzAtvuLRsQS8rYgMuxCrdKf9kOssamGLuPwyTY9wyYblNr9+1XM8v6zoDTPPSIeANg=="],

    "@aws-crypto/sha256-browser": ["@aws-crypto/sha256-browser@5.2.0", "", { "dependencies": { "@aws-crypto/sha256-js": "^5.2.0", "@aws-crypto/supports-web-crypto": "^5.2.0", "@aws-crypto/util": "^5.2.0", "@aws-sdk/types": "^3.222.0", "@aws-sdk/util-locate-window": "^3.0.0", "@smithy/util-utf8": "^2.0.0", "tslib": "^2.6.2" } }, "sha512-AXfN/lGotSQwu6HNcEsIASo7kWXZ5HYWvfOmSNKDsEqC4OashTp8alTmaz+F7TC2L083SFv5RdB+qU3Vs1kZqw=="],

    "@aws-crypto/sha256-js": ["@aws-crypto/sha256-js@5.2.0", "", { "dependencies": { "@aws-crypto/util": "^5.2.0", "@aws-sdk/types": "^3.222.0", "tslib": "^2.6.2" } }, "sha512-FFQQyu7edu4ufvIZ+OadFpHHOt+eSTBaYaki44c+akjg7qZg9oOQeLlk77F6tSYqjDAFClrHJk9tMf0HdVyOvA=="],

    "@aws-crypto/supports-web-crypto": ["@aws-crypto/supports-web-crypto@5.2.0", "", { "dependencies": { "tslib": "^2.6.2" } }, "sha512-iAvUotm021kM33eCdNfwIN//F77/IADDSs58i+MDaOqFrVjZo9bAal0NK7HurRuWLLpF1iLX7gbWrjHjeo+YFg=="],

    "@aws-crypto/util": ["@aws-crypto/util@5.2.0", "", { "dependencies": { "@aws-sdk/types": "^3.222.0", "@smithy/util-utf8": "^2.0.0", "tslib": "^2.6.2" } }, "sha512-4RkU9EsI6ZpBve5fseQlGNUWKMa1RLPQ1dnjnQoe07ldfIzcsGb5hC5W0Dm7u423KWzawlrpbjXBrXCEv9zazQ=="],

    "@aws-sdk/client-dynamodb": ["@aws-sdk/client-dynamodb@3.1046.0", "", { "dependencies": { "@aws-crypto/sha256-browser": "5.2.0", "@aws-crypto/sha256-js": "5.2.0", "@aws-sdk/core": "^3.974.9", "@aws-sdk/credential-provider-node": "^3.972.40", "@aws-sdk/dynamodb-codec": "^3.973.9", "@aws-sdk/middleware-endpoint-discovery": "^3.972.12", "@aws-sdk/middleware-host-header": "^3.972.11", "@aws-sdk/middleware-logger": "^3.972.10", "@aws-sdk/middleware-recursion-detection": "^3.972.12", "@aws-sdk/middleware-user-agent": "^3.972.39", "@aws-sdk/region-config-resolver": "^3.972.14", "@aws-sdk/types": "^3.973.8", "@aws-sdk/util-endpoints": "^3.996.9", "@aws-sdk/util-user-agent-browser": "^3.972.11", "@aws-sdk/util-user-agent-node": "^3.973.25", "@smithy/core": "^3.24.1", "@smithy/fetch-http-handler": "^5.4.1", "@smithy/node-http-handler": "^4.7.1", "@smithy/types": "^4.14.1", "tslib": "^2.6.2" } }, "sha512-kh+OsHfG8DvCA5hmflfIcj7c05wK6PSo2tZCLU3quVZ2GCcBAj0N66I5d+iIfoLmULydZqc4ChYabh3c6wdJPA=="],

    "@aws-sdk/client-ses": ["@aws-sdk/client-ses@3.1046.0", "", { "dependencies": { "@aws-crypto/sha256-browser": "5.2.0", "@aws-crypto/sha256-js": "5.2.0", "@aws-sdk/core": "^3.974.9", "@aws-sdk/credential-provider-node": "^3.972.40", "@aws-sdk/middleware-host-header": "^3.972.11", "@aws-sdk/middleware-logger": "^3.972.10", "@aws-sdk/middleware-recursion-detection": "^3.972.12", "@aws-sdk/middleware-user-agent": "^3.972.39", "@aws-sdk/region-config-resolver": "^3.972.14", "@aws-sdk/types": "^3.973.8", "@aws-sdk/util-endpoints": "^3.996.9", "@aws-sdk/util-user-agent-browser": "^3.972.11", "@aws-sdk/util-user-agent-node": "^3.973.25", "@smithy/core": "^3.24.1", "@smithy/fetch-http-handler": "^5.4.1", "@smithy/node-http-handler": "^4.7.1", "@smithy/types": "^4.14.1", "tslib": "^2.6.2" } }, "sha512-dfuGs+74ShsLTQNs9HKs5sQYmkwE3Rc7Pbg+WnAkK+775/z/WrsdhWyCd3wurMeHsmJBVHwjua9SEYfuKkXosg=="],

    "@aws-sdk/core": ["@aws-sdk/core@3.974.9", "", { "dependencies": { "@aws-sdk/types": "^3.973.8", "@aws-sdk/xml-builder": "^3.972.23", "@smithy/core": "^3.24.1", "@smithy/signature-v4": "^5.4.1", "@smithy/types": "^4.14.1", "tslib": "^2.6.2" } }, "sha512-bXxosFunr+v/kqNb99r1NRkrVBha7CG036fRSpWGbC1A/e363XFQN6wcZMx7MYTdRr1tYwNnkrWX2xc1rT3BCQ=="],

    "@aws-sdk/credential-provider-env": ["@aws-sdk/credential-provider-env@3.972.35", "", { "dependencies": { "@aws-sdk/core": "^3.974.9", "@aws-sdk/types": "^3.973.8", "@smithy/core": "^3.24.1", "@smithy/types": "^4.14.1", "tslib": "^2.6.2" } }, "sha512-WkFQ8BedszVomhh/Zzs8WwnE/XBmTqZjoQVB8u/4zH6kZCjouXZpPpb93gD8m0EZmzAl7dxHE/y+yDpuKzNCMw=="],

    "@aws-sdk/credential-provider-http": ["@aws-sdk/credential-provider-http@3.972.37", "", { "dependencies": { "@aws-sdk/core": "^3.974.9", "@aws-sdk/types": "^3.973.8", "@smithy/core": "^3.24.1", "@smithy/fetch-http-handler": "^5.4.1", "@smithy/node-http-handler": "^4.7.1", "@smithy/types": "^4.14.1", "tslib": "^2.6.2" } }, "sha512-ylx0ZJTU+2eNcvXQ69VNR3TVSYa/ibpvdK717/NxqR9aXRMn2QRWZaiI8aa5yY/fOWZ5mknSmxGaVxxtdwv3EA=="],

    "@aws-sdk/credential-provider-ini": ["@aws-sdk/credential-provider-ini@3.972.39", "", { "dependencies": { "@aws-sdk/core": "^3.974.9", "@aws-sdk/credential-provider-env": "^3.972.35", "@aws-sdk/credential-provider-http": "^3.972.37", "@aws-sdk/credential-provider-login": "^3.972.39", "@aws-sdk/credential-provider-process": "^3.972.35", "@aws-sdk/credential-provider-sso": "^3.972.39", "@aws-sdk/credential-provider-web-identity": "^3.972.39", "@aws-sdk/nested-clients": "^3.997.7", "@aws-sdk/types": "^3.973.8", "@smithy/core": "^3.24.1", "@smithy/credential-provider-imds": "^4.3.1", "@smithy/types": "^4.14.1", "tslib": "^2.6.2" } }, "sha512-QhRSrdkk+Gq0AFIylpiI0N6lcJqFYV9Jtr4Luz5FpYOYbjJSfyTG6iLhnK/UPIgN1Jnon8WAmSC//16XYGvwkA=="],

    "@aws-sdk/credential-provider-login": ["@aws-sdk/credential-provider-login@3.972.39", "", { "dependencies": { "@aws-sdk/core": "^3.974.9", "@aws-sdk/nested-clients": "^3.997.7", "@aws-sdk/types": "^3.973.8", "@smithy/core": "^3.24.1", "@smithy/types": "^4.14.1", "tslib": "^2.6.2" } }, "sha512-1hU0NtC04QbFIuoBuF4aQ2A97GsSE5/A0ZJpDijwexsBREIQ4KPRYl3v/FfKCPBYsaTeGjkOFx5nLhWHY24LOw=="],

    "@aws-sdk/credential-provider-node": ["@aws-sdk/credential-provider-node@3.972.40", "", { "dependencies": { "@aws-sdk/credential-provider-env": "^3.972.35", "@aws-sdk/credential-provider-http": "^3.972.37", "@aws-sdk/credential-provider-ini": "^3.972.39", "@aws-sdk/credential-provider-process": "^3.972.35", "@aws-sdk/credential-provider-sso": "^3.972.39", "@aws-sdk/credential-provider-web-identity": "^3.972.39", "@aws-sdk/types": "^3.973.8", "@smithy/core": "^3.24.1", "@smithy/credential-provider-imds": "^4.3.1", "@smithy/types": "^4.14.1", "tslib": "^2.6.2" } }, "sha512-ZgrQaGkpyTlVSCCsffzijVg+KgftTAWYvI5Otc36J/4jNiHb+7MmBiJIR0a5AHLvifC92PiYHt5pijP0dswd1w=="],

    "@aws-sdk/credential-provider-process": ["@aws-sdk/credential-provider-process@3.972.35", "", { "dependencies": { "@aws-sdk/core": "^3.974.9", "@aws-sdk/types": "^3.973.8", "@smithy/core": "^3.24.1", "@smithy/types": "^4.14.1", "tslib": "^2.6.2" } }, "sha512-hNj1rAwZWT1vfz54BwH8FUWxZuqStrM25Q5LEIwn2erHPMRVAjLlpZqEbCEEqS99eEEOhdeetnS0WeNa3iYeEQ=="],

    "@aws-sdk/credential-provider-sso": ["@aws-sdk/credential-provider-sso@3.972.39", "", { "dependencies": { "@aws-sdk/core": "^3.974.9", "@aws-sdk/nested-clients": "^3.997.7", "@aws-sdk/token-providers": "3.1046.0", "@aws-sdk/types": "^3.973.8", "@smithy/core": "^3.24.1", "@smithy/types": "^4.14.1", "tslib": "^2.6.2" } }, "sha512-mwIPNPldyCZkvHozb6E0X/vuQLN1UCjcA6MwUf1gaO7EwghCmuNZXatq0L3zptKFvPC4Nds7+WFUkifI1XmbSw=="],

    "@aws-sdk/credential-provider-web-identity": ["@aws-sdk/credential-provider-web-identity@3.972.39", "", { "dependencies": { "@aws-sdk/core": "^3.974.9", "@aws-sdk/nested-clients": "^3.997.7", "@aws-sdk/types": "^3.973.8", "@smithy/core": "^3.24.1", "@smithy/types": "^4.14.1", "tslib": "^2.6.2" } }, "sha512-b9HT8CnpyPVn1hU14Q7ihjwSPlRzToYmRYJxRd5jNHEZ43lrIhoLaTT8JmfQQt5j5M8rTX1iN1X8mvu0SM1dXA=="],

    "@aws-sdk/dynamodb-codec": ["@aws-sdk/dynamodb-codec@3.973.9", "", { "dependencies": { "@aws-sdk/core": "^3.974.9", "@smithy/core": "^3.24.1", "@smithy/types": "^4.14.1", "tslib": "^2.6.2" } }, "sha512-WxzocLsuipcxDDH35SmNGfsiFjX0A0hfIWQTvBEdNLRG51BYXBiVu8MWHvRcWMO6zZZ/G7OYycllF0LJaTcPlg=="],

    "@aws-sdk/endpoint-cache": ["@aws-sdk/endpoint-cache@3.972.5", "", { "dependencies": { "mnemonist": "0.38.3", "tslib": "^2.6.2" } }, "sha512-itVdge0NozgtgmtbZ25FVwWU3vGlE7x7feE/aOEJNkQfEpbkrF8Rj1QmnK+2blFfYE1xWt/iU+6/jUp/pv1+MA=="],

    "@aws-sdk/lib-dynamodb": ["@aws-sdk/lib-dynamodb@3.1046.0", "", { "dependencies": { "@aws-sdk/core": "^3.974.9", "@aws-sdk/util-dynamodb": "^3.996.2", "@smithy/core": "^3.24.1", "@smithy/types": "^4.14.1", "tslib": "^2.6.2" }, "peerDependencies": { "@aws-sdk/client-dynamodb": "^3.1046.0" } }, "sha512-3+2bqGt0rXtfI4tNdBJkCB2IyEpVVG+MiDRjSuUXZ8Wyv7AoZswPfzZbuRh14RbJNFxLKsXHIwCMCrUxofgGLw=="],

    "@aws-sdk/middleware-endpoint-discovery": ["@aws-sdk/middleware-endpoint-discovery@3.972.12", "", { "dependencies": { "@aws-sdk/endpoint-cache": "^3.972.5", "@aws-sdk/types": "^3.973.8", "@smithy/core": "^3.24.1", "@smithy/types": "^4.14.1", "tslib": "^2.6.2" } }, "sha512-ds/51CoETlZ8Bz7L3d2g1SgxrchmuAcK0c+hOEJbknirLgrGGeZAIxuUzbCNQWzcLtB5jgIpIghoQqmMeBNlcA=="],

    "@aws-sdk/middleware-host-header": ["@aws-sdk/middleware-host-header@3.972.11", "", { "dependencies": { "@aws-sdk/types": "^3.973.8", "@smithy/core": "^3.24.1", "@smithy/types": "^4.14.1", "tslib": "^2.6.2" } }, "sha512-CBC6+tVYaOJo7QXgN1zJ4Ba2f3/Cpy4eRViYFimXW/O5Mn8hBmgXXzHu4vy4ubT80YWnp8aCFygr7dTOa14yQg=="],

    "@aws-sdk/middleware-logger": ["@aws-sdk/middleware-logger@3.972.10", "", { "dependencies": { "@aws-sdk/types": "^3.973.8", "@smithy/types": "^4.14.1", "tslib": "^2.6.2" } }, "sha512-OOuGvvz1Dm20SjZo5oEBePFqxt5nf8AwkNDSyUHvD9/bfNASmstcYxFAHUowy4n6Io7mWUZ04JURZwSBvyQanQ=="],

    "@aws-sdk/middleware-recursion-detection": ["@aws-sdk/middleware-recursion-detection@3.972.12", "", { "dependencies": { "@aws-sdk/types": "^3.973.8", "@aws/lambda-invoke-store": "^0.2.2", "@smithy/core": "^3.24.1", "@smithy/types": "^4.14.1", "tslib": "^2.6.2" } }, "sha512-5eltYxKB4MfdQv7/VhWxRbAVQKow5dz9votRFigTYrWJHMQXwLMltlbk7KFWSZh5NDBySfmjT7Jv/DWfYCmDng=="],

    "@aws-sdk/middleware-user-agent": ["@aws-sdk/middleware-user-agent@3.972.39", "", { "dependencies": { "@aws-sdk/core": "^3.974.9", "@aws-sdk/types": "^3.973.8", "@aws-sdk/util-endpoints": "^3.996.9", "@smithy/core": "^3.24.1", "@smithy/types": "^4.14.1", "tslib": "^2.6.2" } }, "sha512-MlNSvNsSVlMKKWaCzA0GP1nS4Cuq3WCXUN1vmMvd+Ctztib5kmRcpmTtKx9kikN8szAc+gcdp7uqJJervV2nQg=="],

    "@aws-sdk/nested-clients": ["@aws-sdk/nested-clients@3.997.7", "", { "dependencies": { "@aws-crypto/sha256-browser": "5.2.0", "@aws-crypto/sha256-js": "5.2.0", "@aws-sdk/core": "^3.974.9", "@aws-sdk/middleware-host-header": "^3.972.11", "@aws-sdk/middleware-logger": "^3.972.10", "@aws-sdk/middleware-recursion-detection": "^3.972.12", "@aws-sdk/middleware-user-agent": "^3.972.39", "@aws-sdk/region-config-resolver": "^3.972.14", "@aws-sdk/signature-v4-multi-region": "^3.996.26", "@aws-sdk/types": "^3.973.8", "@aws-sdk/util-endpoints": "^3.996.9", "@aws-sdk/util-user-agent-browser": "^3.972.11", "@aws-sdk/util-user-agent-node": "^3.973.25", "@smithy/core": "^3.24.1", "@smithy/fetch-http-handler": "^5.4.1", "@smithy/node-http-handler": "^4.7.1", "@smithy/types": "^4.14.1", "tslib": "^2.6.2" } }, "sha512-jT2AXOODobQfTYGC2SChMSnZ/voIcRV/LHlY1suyhY1bdgP/voKkhEg8Ci1jiGQ4lBiaso5BEAV3ZWWpPTfmYA=="],

    "@aws-sdk/region-config-resolver": ["@aws-sdk/region-config-resolver@3.972.14", "", { "dependencies": { "@aws-sdk/types": "^3.973.8", "@smithy/core": "^3.24.1", "@smithy/types": "^4.14.1", "tslib": "^2.6.2" } }, "sha512-VuLXVmm7+lKVxqFcOItPkXhjbJ02iUfxkxheRu41SfWf6/xrZup2A2SwHZos/LeQGu3SBHeqTQht80Uo3ienPA=="],

    "@aws-sdk/signature-v4-multi-region": ["@aws-sdk/signature-v4-multi-region@3.996.26", "", { "dependencies": { "@aws-sdk/types": "^3.973.8", "@smithy/core": "^3.24.1", "@smithy/signature-v4": "^5.4.1", "@smithy/types": "^4.14.1", "tslib": "^2.6.2" } }, "sha512-2N62veqdMZBCwQUHsbhtnaovOFjOa5Dn3dAD1nRqFTUXR4QmirT3HZnfus/L1DS08Vm5CkoKmL0iMVt6YbqEag=="],

    "@aws-sdk/token-providers": ["@aws-sdk/token-providers@3.1046.0", "", { "dependencies": { "@aws-sdk/core": "^3.974.9", "@aws-sdk/nested-clients": "^3.997.7", "@aws-sdk/types": "^3.973.8", "@smithy/core": "^3.24.1", "@smithy/types": "^4.14.1", "tslib": "^2.6.2" } }, "sha512-9je8nZt+ntB8IjhpGNayU/AkBgvq/f4aFO2bH1LSNC5JX6K8zY4LUnr/ymqunePrwq+B5OVBpL7ILjYzMFSZAw=="],

    "@aws-sdk/types": ["@aws-sdk/types@3.973.8", "", { "dependencies": { "@smithy/types": "^4.14.1", "tslib": "^2.6.2" } }, "sha512-gjlAdtHMbtR9X5iIhVUvbVcy55KnznpC6bkDUWW9z915bi0ckdUr5cjf16Kp6xq0bP5HBD2xzgbL9F9Quv5vUw=="],

    "@aws-sdk/util-dynamodb": ["@aws-sdk/util-dynamodb@3.996.2", "", { "dependencies": { "tslib": "^2.6.2" }, "peerDependencies": { "@aws-sdk/client-dynamodb": "^3.1003.0" } }, "sha512-ddpwaZmjBzcApYN7lgtAXjk+u+GO8fiPsxzuc59UqP+zqdxI1gsenPvkyiHiF9LnYnyRGijz6oN2JylnN561qQ=="],

    "@aws-sdk/util-endpoints": ["@aws-sdk/util-endpoints@3.996.9", "", { "dependencies": { "@aws-sdk/types": "^3.973.8", "@smithy/core": "^3.24.1", "@smithy/types": "^4.14.1", "tslib": "^2.6.2" } }, "sha512-ibx8Vd73rCTHekNGeXX8cpGWoBKbNAlwKHL3yjSxxttu5QnNDaSAM7/0MFYDjU31/F4lyrPoQcGirT0ew61xcg=="],

    "@aws-sdk/util-locate-window": ["@aws-sdk/util-locate-window@3.893.0", "", { "dependencies": { "tslib": "^2.6.2" } }, "sha512-T89pFfgat6c8nMmpI8eKjBcDcgJq36+m9oiXbcUzeU55MP9ZuGgBomGjGnHaEyF36jenW9gmg3NfZDm0AO2XPg=="],

    "@aws-sdk/util-user-agent-browser": ["@aws-sdk/util-user-agent-browser@3.972.11", "", { "dependencies": { "@aws-sdk/types": "^3.973.8", "@smithy/types": "^4.14.1", "bowser": "^2.11.0", "tslib": "^2.6.2" } }, "sha512-kq3RS6XQtHMrLFShbkem6h+8fxazB3jEIsbMC6aaSInOciRGE+eGAqTgJ+obO7Euo/pjM8thVqLiLISEH9X9DA=="],

    "@aws-sdk/util-user-agent-node": ["@aws-sdk/util-user-agent-node@3.973.25", "", { "dependencies": { "@aws-sdk/middleware-user-agent": "^3.972.39", "@aws-sdk/types": "^3.973.8", "@smithy/core": "^3.24.1", "@smithy/types": "^4.14.1", "tslib": "^2.6.2" }, "peerDependencies": { "aws-crt": ">=1.0.0" }, "optionalPeers": ["aws-crt"] }, "sha512-066hKH/0nvV7x4ofV/iK9kz8r/qNfcR6rzuEOFqI2vQL/fcTTsDAbTw0jmXkyMzANK8ltQdALj19ns3zuOJiUw=="],

    "@aws-sdk/xml-builder": ["@aws-sdk/xml-builder@3.972.23", "", { "dependencies": { "@nodable/entities": "2.1.0", "@smithy/types": "^4.14.1", "fast-xml-parser": "5.7.2", "tslib": "^2.6.2" } }, "sha512-A0YmgYFv+hTI9c17Ntvd2hSehm9bmJfkb+ggADBwVKA8H/3+Jx94SzR2qOB9bAA9WFeDqnfz9PKKQ+D+YAKomA=="],

    "@aws/lambda-invoke-store": ["@aws/lambda-invoke-store@0.2.4", "", {}, "sha512-iY8yvjE0y651BixKNPgmv1WrQc+GZ142sb0z4gYnChDDY2YqI4P/jsSopBWrKfAt7LOJAkOXt7rC/hms+WclQQ=="],

    "@nodable/entities": ["@nodable/entities@2.1.0", "", {}, "sha512-nyT7T3nbMyBI/lvr6L5TyWbFJAI9FTgVRakNoBqCD+PmID8DzFrrNdLLtHMwMszOtqZa8PAOV24ZqDnQrhQINA=="],

    "@playwright/test": ["@playwright/test@1.61.1", "", { "dependencies": { "playwright": "1.61.1" }, "bin": { "playwright": "cli.js" } }, "sha512-8nKv6+0RJSL9FE4jYOEGXnPeM/Hg12qZpmqzZjRh3qM0Y7c3z1mrOTfFLids72RDQYVh9WpLEfR5WdpNX4fkig=="],

    "@smithy/core": ["@smithy/core@3.24.2", "", { "dependencies": { "@aws-crypto/crc32": "5.2.0", "@smithy/types": "^4.14.1", "tslib": "^2.6.2" } }, "sha512-IKS7qX59fAGCYBmt5JChcDswQDupZqT2Yn2ZBA3UgTlsjRNNkQzZobbn95xoAAdtTyJmBiJB3Y02qR3rgy3Zog=="],

    "@smithy/credential-provider-imds": ["@smithy/credential-provider-imds@4.3.2", "", { "dependencies": { "@smithy/core": "^3.24.2", "@smithy/types": "^4.14.1", "tslib": "^2.6.2" } }, "sha512-iYr9ekBjmZ+FwkiHEopqGscBbl78X62cq3p5Dd0eC+gNd7fybNZFQQdDuOQjTVmFymleuA8YRWZnuXWZ8B3kKA=="],

    "@smithy/fetch-http-handler": ["@smithy/fetch-http-handler@5.4.2", "", { "dependencies": { "@smithy/core": "^3.24.2", "@smithy/types": "^4.14.1", "tslib": "^2.6.2" } }, "sha512-3wF40g8OOCA5BnwQUvwtzZqYBbWWftDjpAlWIUo6Yld3ZzJaMAKqg7MWQBPjE8oLaqvZQUE7tVGlZPsae6A4bQ=="],

    "@smithy/is-array-buffer": ["@smithy/is-array-buffer@2.2.0", "", { "dependencies": { "tslib": "^2.6.2" } }, "sha512-GGP3O9QFD24uGeAXYUjwSTXARoqpZykHadOmA8G5vfJPK0/DC67qa//0qvqrJzL1xc8WQWX7/yc7fwudjPHPhA=="],

    "@smithy/node-http-handler": ["@smithy/node-http-handler@4.7.2", "", { "dependencies": { "@smithy/core": "^3.24.2", "@smithy/types": "^4.14.1", "tslib": "^2.6.2" } }, "sha512-EdksTZ8UXYxGUgQ4mpIKrHoaj9WVGsp66TpZuixLAz1Jex8YDLnS4RH9ktGED5aOpN0OJlEtrsC9IGt76go1eA=="],

    "@smithy/signature-v4": ["@smithy/signature-v4@5.4.2", "", { "dependencies": { "@smithy/core": "^3.24.2", "@smithy/types": "^4.14.1", "tslib": "^2.6.2" } }, "sha512-1km1OjdLRFuITWpCPofjFqzZ+tbeWuB72ZhcYjbjkCxZ21tTPfIs4GUxRrelMyKMLxLghGD58RENnXorU/O8cw=="],

    "@smithy/types": ["@smithy/types@4.14.1", "", { "dependencies": { "tslib": "^2.6.2" } }, "sha512-59b5HtSVrVR/eYNei3BUj3DCPKD/G7EtDDe7OEJE7i7FtQFugYo6MxbotS8mVJkLNVf8gYaAlEBwwtJ9HzhWSg=="],

    "@smithy/util-buffer-from": ["@smithy/util-buffer-from@2.2.0", "", { "dependencies": { "@smithy/is-array-buffer": "^2.2.0", "tslib": "^2.6.2" } }, "sha512-IJdWBbTcMQ6DA0gdNhh/BwrLkDR+ADW5Kr1aZmd4k3DIF6ezMV4R2NIAmT08wQJ3yUK82thHWmC/TnK/wpMMIA=="],

    "@smithy/util-utf8": ["@smithy/util-utf8@2.3.0", "", { "dependencies": { "@smithy/util-buffer-from": "^2.2.0", "tslib": "^2.6.2" } }, "sha512-R8Rdn8Hy72KKcebgLiv8jQcQkXoLMOGGv5uI1/k0l+snqkOzQ1R0ChUBCxWMlBsFMekWjq0wRudIweFs7sKT5A=="],

    "@types/aws-lambda": ["@types/aws-lambda@8.10.161", "", {}, "sha512-rUYdp+MQwSFocxIOcSsYSF3YYYC/uUpMbCY/mbO21vGqfrEYvNSoPyKYDj6RhXXpPfS0KstW9RwG3qXh9sL7FQ=="],

    "@types/bcryptjs": ["@types/bcryptjs@3.0.0", "", { "dependencies": { "bcryptjs": "*" } }, "sha512-WRZOuCuaz8UcZZE4R5HXTco2goQSI2XxjGY3hbM/xDvwmqFWd4ivooImsMx65OKM6CtNKbnZ5YL+YwAwK7c1dg=="],

    "@types/bun": ["@types/bun@1.3.14", "", { "dependencies": { "bun-types": "1.3.14" } }, "sha512-h1hFqFVcvAvD9j9K7ZW7vd82aSA+rTdznZa+5bwvCwqSB1jmmfLcbIWhOLx1/+boy/xmjgCs/OMUL8hRJSmnPw=="],

    "@types/jsonwebtoken": ["@types/jsonwebtoken@9.0.10", "", { "dependencies": { "@types/ms": "*", "@types/node": "*" } }, "sha512-asx5hIG9Qmf/1oStypjanR7iKTv0gXQ1Ov/jfrX6kS/EO0OFni8orbmGCn0672NHR3kXHwpAwR+B368ZGN/2rA=="],

    "@types/ms": ["@types/ms@2.1.0", "", {}, "sha512-GsCCIZDE/p3i96vtEqx+7dBUGXrc7zeSK3wwPHIaRThS+9OhWIXRqzs4d6k1SVU8g91DrNRWxWUGhp5KXQb2VA=="],

    "@types/node": ["@types/node@25.7.0", "", { "dependencies": { "undici-types": "~7.21.0" } }, "sha512-z+pdZyxE+RTQE9AcboAZCb4otwcrvgHD+GlBpPgn0emDVt0ohrTMhAwlr2Wd9nZ+nihhYFxO2pThz3C5qSu2Eg=="],

    "aws-cdk": ["aws-cdk@2.1121.0", "", { "bin": { "cdk": "bin/cdk" } }, "sha512-cG7CHt/SytYTfwrK+BUNQpqmS1dwhjt8z6ExKL6GK4n+8/6ZCwFzxlZWA/jUd2+Y9xPc+Q8cLKfMqGmgxEXbkg=="],

    "aws-cdk-lib": ["aws-cdk-lib@2.254.0", "", { "dependencies": { "@aws-cdk/asset-awscli-v1": "2.2.273", "@aws-cdk/asset-node-proxy-agent-v6": "^2.1.1", "@aws-cdk/cloud-assembly-api": "^2.2.3", "@aws-cdk/cloud-assembly-schema": "^53.21.0", "@balena/dockerignore": "^1.0.2", "case": "1.6.3", "fs-extra": "^11.3.3", "ignore": "^5.3.2", "jsonschema": "^1.5.0", "mime-types": "^2.1.35", "minimatch": "^10.2.3", "punycode": "^2.3.1", "semver": "^7.7.4", "table": "^6.9.0", "yaml": "1.10.3" }, "peerDependencies": { "constructs": "^10.5.0" } }, "sha512-O7fn6fu1FXb0BgoO/+WeiBXZ16H/q6z4fOndjdG62c9bPU7Z/UeW5gz7qBiwLm4ERvTObobLCqv7wjd8bp+v3A=="],

    "bcryptjs": ["bcryptjs@3.0.3", "", { "bin": { "bcrypt": "bin/bcrypt" } }, "sha512-GlF5wPWnSa/X5LKM1o0wz0suXIINz1iHRLvTS+sLyi7XPbe5ycmYI3DlZqVGZZtDgl4DmasFg7gOB3JYbphV5g=="],

    "bowser": ["bowser@2.12.1", "", {}, "sha512-z4rE2Gxh7tvshQ4hluIT7XcFrgLIQaw9X3A+kTTRdovCz5PMukm/0QC/BKSYPj3omF5Qfypn9O/c5kgpmvYUCw=="],

    "buffer-equal-constant-time": ["buffer-equal-constant-time@1.0.1", "", {}, "sha512-zRpUiDwd/xk6ADqPMATG8vc9VPrkck7T07OIx0gnjmJAnHnTVXNQG3vfvWNuiZIkwu9KrKdA1iJKfsfTVxE6NA=="],

    "bun-types": ["bun-types@1.3.14", "", { "dependencies": { "@types/node": "*" } }, "sha512-4N0ig0fEomHt5R0KCFWjovxow98rIoRwKolrYdCcknNwMekCXRnWEUvgu5soYV8QXtVsrUD8B95MBOZGPvr6KQ=="],

    "constructs": ["constructs@10.6.0", "", {}, "sha512-TxHOnBO5zMo/G76ykzGF/wMpEHu257TbWiIxP9K0Yv/+t70UzgBQiTqjkAsWOPC6jW91DzJI0+ehQV6xDRNBuQ=="],

    "ecdsa-sig-formatter": ["ecdsa-sig-formatter@1.0.11", "", { "dependencies": { "safe-buffer": "^5.0.1" } }, "sha512-nagl3RYrbNv6kQkeJIpt6NJZy8twLB/2vtz6yN9Z4vRKHN4/QZJIEbqohALSgwKdnksuY3k5Addp5lg8sVoVcQ=="],

    "fast-xml-builder": ["fast-xml-builder@1.2.0", "", { "dependencies": { "path-expression-matcher": "^1.5.0", "xml-naming": "^0.1.0" } }, "sha512-00aAWieqff+ZJhsXA4g1g7M8k+7AYoMUUHF+/zFb5U6Uv/P0Vl4QZo84/IcufzYalLuEj9928bXN9PbbFzMF0Q=="],

    "fast-xml-parser": ["fast-xml-parser@5.7.2", "", { "dependencies": { "@nodable/entities": "^2.1.0", "fast-xml-builder": "^1.1.5", "path-expression-matcher": "^1.5.0", "strnum": "^2.2.3" }, "bin": { "fxparser": "src/cli/cli.js" } }, "sha512-P7oW7tLbYnhOLQk/Gv7cZgzgMPP/XN03K02/Jy6Y/NHzyIAIpxuZIM/YqAkfiXFPxA2CTm7NtCijK9EDu09u2w=="],

    "fsevents": ["fsevents@2.3.2", "", { "os": "darwin" }, "sha512-xiqMQR4xAeHTuB9uWm+fFRcIOgKBMiOBP+eXiyT7jsgVCq1bkVygt00oASowB7EdtpOHaaPgKt812P9ab+DDKA=="],

    "jsonwebtoken": ["jsonwebtoken@9.0.3", "", { "dependencies": { "jws": "^4.0.1", "lodash.includes": "^4.3.0", "lodash.isboolean": "^3.0.3", "lodash.isinteger": "^4.0.4", "lodash.isnumber": "^3.0.3", "lodash.isplainobject": "^4.0.6", "lodash.isstring": "^4.0.1", "lodash.once": "^4.0.0", "ms": "^2.1.1", "semver": "^7.5.4" } }, "sha512-MT/xP0CrubFRNLNKvxJ2BYfy53Zkm++5bX9dtuPbqAeQpTVe0MQTFhao8+Cp//EmJp244xt6Drw/GVEGCUj40g=="],

    "jwa": ["jwa@2.0.1", "", { "dependencies": { "buffer-equal-constant-time": "^1.0.1", "ecdsa-sig-formatter": "1.0.11", "safe-buffer": "^5.0.1" } }, "sha512-hRF04fqJIP8Abbkq5NKGN0Bbr3JxlQ+qhZufXVr0DvujKy93ZCbXZMHDL4EOtodSbCWxOqR8MS1tXA5hwqCXDg=="],

    "jws": ["jws@4.0.1", "", { "dependencies": { "jwa": "^2.0.1", "safe-buffer": "^5.0.1" } }, "sha512-EKI/M/yqPncGUUh44xz0PxSidXFr/+r0pA70+gIYhjv+et7yxM+s29Y+VGDkovRofQem0fs7Uvf4+YmAdyRduA=="],

    "lodash": ["lodash@4.17.21", "", {}, "sha512-v2kDEe57lecTulaDIuNTPy3Ry4gLGJ6Z1O3vE1krgXZNrsQ+LFTGHVxVjcXPs17LhbZVGedAJv8XZ1tvj5FvSg=="],

    "lodash.includes": ["lodash.includes@4.3.0", "", {}, "sha512-W3Bx6mdkRTGtlJISOvVD/lbqjTlPPUDTMnlXZFnVwi9NKJ6tiAk6LVdlhZMm17VZisqhKcgzpO5Wz91PCt5b0w=="],

    "lodash.isboolean": ["lodash.isboolean@3.0.3", "", {}, "sha512-Bz5mupy2SVbPHURB98VAcw+aHh4vRV5IPNhILUCsOzRmsTmSQ17jIuqopAentWoehktxGd9e/hbIXq980/1QJg=="],

    "lodash.isinteger": ["lodash.isinteger@4.0.4", "", {}, "sha512-DBwtEWN2caHQ9/imiNeEA5ys1JoRtRfY3d7V9wkqtbycnAmTvRRmbHKDV4a0EYc678/dia0jrte4tjYwVBaZUA=="],

    "lodash.isnumber": ["lodash.isnumber@3.0.3", "", {}, "sha512-QYqzpfwO3/CWf3XP+Z+tkQsfaLL/EnUlXWVkIk5FUPc4sBdTehEqZONuyRt2P67PXAk+NXmTBcc97zw9t1FQrw=="],

    "lodash.isplainobject": ["lodash.isplainobject@4.0.6", "", {}, "sha512-oSXzaWypCMHkPC3NvBEaPHf0KsA5mvPrOPgQWDsbg8n7orZ290M0BmC/jgRZ4vcJ6DTAhjrsSYgdsW/F+MFOBA=="],

    "lodash.isstring": ["lodash.isstring@4.0.1", "", {}, "sha512-0wJxfxH1wgO3GrbuP+dTTk7op+6L41QCXbGINEmD+ny/G/eCqGzxyCsh7159S+mgDDcoarnBw6PC1PS5+wUGgw=="],

    "lodash.once": ["lodash.once@4.1.1", "", {}, "sha512-Sb487aTOCr9drQVL8pIxOzVhafOjZN9UU54hiN8PU3uAiSV7lx1yYNpbNmex2PK6dSJoNTSJUUswT651yww3Mg=="],

    "mnemonist": ["mnemonist@0.38.3", "", { "dependencies": { "obliterator": "^1.6.1" } }, "sha512-2K9QYubXx/NAjv4VLq1d1Ly8pWNC5L3BrixtdkyTegXWJIqY+zLNDhhX/A+ZwWt70tB1S8H4BE8FLYEFyNoOBw=="],

    "ms": ["ms@2.1.3", "", {}, "sha512-6FlzubTLZG3J2a/NVCAleEhjzq5oxgHyaCU9yYXvcLsvoVaHJq/s5xXI6/XXP6tz7R9xAOtHnSO/tXtF3WRTlA=="],

    "obliterator": ["obliterator@1.6.1", "", {}, "sha512-9WXswnqINnnhOG/5SLimUlzuU1hFJUc8zkwyD59Sd+dPOMf05PmnYG/d6Q7HZ+KmgkZJa1PxRso6QdM3sTNHig=="],

    "openapi3-ts": ["openapi3-ts@4.5.0", "", { "dependencies": { "yaml": "^2.8.0" } }, "sha512-jaL+HgTq2Gj5jRcfdutgRGLosCy/hT8sQf6VOy+P+g36cZOjI1iukdPnijC+4CmeRzg/jEllJUboEic2FhxhtQ=="],

    "path-expression-matcher": ["path-expression-matcher@1.5.0", "", {}, "sha512-cbrerZV+6rvdQrrD+iGMcZFEiiSrbv9Tfdkvnusy6y0x0GKBXREFg/Y65GhIfm0tnLntThhzCnfKwp1WRjeCyQ=="],

    "playwright": ["playwright@1.61.1", "", { "dependencies": { "playwright-core": "1.61.1" }, "optionalDependencies": { "fsevents": "2.3.2" }, "bin": { "playwright": "cli.js" } }, "sha512-DWnY5o3YbLWK4GovuAVwpqL+1VwGNdUGrRr++8j8PtQQzvAVZUIMjKQ90fY689sEJZJBbZVw1rXaOKSTitkzPQ=="],

    "playwright-core": ["playwright-core@1.61.1", "", { "bin": { "playwright-core": "cli.js" } }, "sha512-h7Qlt6m4REp25qvIdvbDtVmD4LqVXfpRxhORv9L0jzETM05p4fuPJ3dKyuSXQxDSbXnmS79HAgi9589lGSpLkg=="],

    "prettier": ["prettier@3.8.3", "", { "bin": { "prettier": "bin/prettier.cjs" } }, "sha512-7igPTM53cGHMW8xWuVTydi2KO233VFiTNyF5hLJqpilHfmn8C8gPf+PS7dUT64YcXFbiMGZxS9pCSxL/Dxm/Jw=="],

    "safe-buffer": ["safe-buffer@5.2.1", "", {}, "sha512-rp3So07KcdmmKbGvgaNxQSJr7bGVSVk5S9Eq1F+ppbRo70+YeaDxkw5Dd8NPN+GD6bjnYm2VuPuCXmpuYvmCXQ=="],

    "semver": ["semver@7.7.2", "", { "bin": { "semver": "bin/semver.js" } }, "sha512-RF0Fw+rO5AMf9MAyaRXI4AV0Ulj5lMHqVxxdSgiVbixSCXoEmmX/jk0CuJw4+3SqroYO9VoUh+HcuJivvtJemA=="],

    "strnum": ["strnum@2.3.0", "", {}, "sha512-ums3KNd42PGyx5xaoVTO1mjU1bH3NpY4vsrVlnv9PNGqQj8wd7rJ6nEypLrJ7z5vxK5RP0yMLo6J/Gsm62DI5Q=="],

    "tslib": ["tslib@2.8.1", "", {}, "sha512-oJFu94HQb+KVduSUQL7wnpmqnfmLsOA/nAh6b6EH0wCEoK0/mPeXU6c3wKDV83MkOuHPRHtSXKKU99IBazS/2w=="],

    "typescript": ["typescript@6.0.3", "", { "bin": { "tsc": "bin/tsc", "tsserver": "bin/tsserver" } }, "sha512-y2TvuxSZPDyQakkFRPZHKFm+KKVqIisdg9/CZwm9ftvKXLP8NRWj38/ODjNbr43SsoXqNuAisEf1GdCxqWcdBw=="],

    "undici-types": ["undici-types@7.21.0", "", {}, "sha512-w9IMgQrz4O0YN1LtB7K5P63vhlIOvC7opSmouCJ+ZywlPAlO9gIkJ+otk6LvGpAs2wg4econaCz3TvQ9xPoyuQ=="],

    "xml-naming": ["xml-naming@0.1.0", "", {}, "sha512-k8KO9hrMyNk6tUWqUfkTEZbezRRpONVOzUTnc97VnCvyj6Tf9lyUR9EDAIeiVLv56jsMcoXEwjW8Kv5yPY52lw=="],

    "yaml": ["yaml@2.9.0", "", { "bin": { "yaml": "bin.mjs" } }, "sha512-2AvhNX3mb8zd6Zy7INTtSpl1F15HW6Wnqj0srWlkKLcpYl/gMIMJiyuGq2KeI2YFxUPjdlB+3Lc10seMLtL4cA=="],

    "zod": ["zod@4.4.3", "", {}, "sha512-ytENFjIJFl2UwYglde2jchW2Hwm4GJFLDiSXWdTrJQBIN9Fcyp7n4DhxJEiWNAJMV1/BqWfW/kkg71UDcHJyTQ=="],

    "zod-openapi": ["zod-openapi@5.4.6", "", { "peerDependencies": { "zod": "^3.25.74 || ^4.0.0" } }, "sha512-P2jsOOBAq/6hCwUsMCjUATZ8szkMsV5VAwZENfyxp2Hc/XPJQpVwAgevWZc65xZauCwWB9LAn7zYeiCJFAEL+A=="],

    "zod-to-json-schema": ["zod-to-json-schema@3.25.2", "", { "peerDependencies": { "zod": "^3.25.28 || ^4" } }, "sha512-O/PgfnpT1xKSDeQYSCfRI5Gy3hPf91mKVDuYLUHZJMiDFptvP41MSnWofm8dnCm0256ZNfZIM7DSzuSMAFnjHA=="],

    "zod-to-openapi": ["zod-to-openapi@0.2.1", "", { "dependencies": { "lodash": "^4.17.21", "openapi3-ts": "^2.0.1", "typescript": "^4.3.5" }, "peerDependencies": { "zod": "~3.5.1" } }, "sha512-F+3aAYcWcboNYXCmu4qqiZA1Cwwgxp06VF4DOeGE7l4cWdyxSABNBH8QSRGbC4ajSKU1h/prF+yQh7bQkYGVpw=="],

    "@aws-cdk/cloud-assembly-schema/jsonschema": ["jsonschema@1.4.1", "", { "bundled": true }, "sha512-S6cATIPVv1z0IlxdN+zUk5EPjkGCdnhN4wVSBlvoUO1tOLJootbo9CquNJmbIh4yikWHiUedhRYrNPn1arpEmQ=="],

    "@aws-cdk/cloud-assembly-schema/semver": ["semver@7.8.0", "", { "bundled": true, "bin": { "semver": "bin/semver.js" } }, "sha512-AcM7dV/5ul4EekoQ29Agm5vri8JNqRyj39o0qpX6vDF2GZrtutZl5RwgD1XnZjiTAfncsJhMI48QQH3sN87YNA=="],

    "@aws-crypto/sha256-browser/@aws-sdk/types": ["@aws-sdk/types@3.901.0", "", { "dependencies": { "@smithy/types": "^4.6.0", "tslib": "^2.6.2" } }, "sha512-FfEM25hLEs4LoXsLXQ/q6X6L4JmKkKkbVFpKD4mwfVHtRVQG6QxJiCPcrkcPISquiy6esbwK2eh64TWbiD60cg=="],

    "@aws-crypto/sha256-js/@aws-sdk/types": ["@aws-sdk/types@3.901.0", "", { "dependencies": { "@smithy/types": "^4.6.0", "tslib": "^2.6.2" } }, "sha512-FfEM25hLEs4LoXsLXQ/q6X6L4JmKkKkbVFpKD4mwfVHtRVQG6QxJiCPcrkcPISquiy6esbwK2eh64TWbiD60cg=="],

    "@aws-crypto/util/@aws-sdk/types": ["@aws-sdk/types@3.901.0", "", { "dependencies": { "@smithy/types": "^4.6.0", "tslib": "^2.6.2" } }, "sha512-FfEM25hLEs4LoXsLXQ/q6X6L4JmKkKkbVFpKD4mwfVHtRVQG6QxJiCPcrkcPISquiy6esbwK2eh64TWbiD60cg=="],

    "@types/jsonwebtoken/@types/node": ["@types/node@24.7.0", "", { "dependencies": { "undici-types": "~7.14.0" } }, "sha512-IbKooQVqUBrlzWTi79E8Fw78l8k1RNtlDDNWsFZs7XonuQSJ8oNYfEeclhprUldXISRMLzBpILuKgPlIxm+/Yw=="],

    "aws-cdk-lib/@aws-cdk/cloud-assembly-api": ["@aws-cdk/cloud-assembly-api@2.2.3", "", { "dependencies": { "jsonschema": "~1.4.1", "semver": "^7.7.4" }, "peerDependencies": { "@aws-cdk/cloud-assembly-schema": ">=53.21.0" }, "bundled": true }, "sha512-XxuKjZ8j1Kkqi3tJaevO9DMWWKfen9QBwTUlgdPKyT4XDDy07r9MnqgeUC1vcpskoc3eeXItZHgqdVuaddleRQ=="],

    "aws-cdk-lib/@aws-cdk/cloud-assembly-schema": ["@aws-cdk/cloud-assembly-schema@53.23.0", "", { "dependencies": { "jsonschema": "~1.4.1", "semver": "^7.7.4" } }, "sha512-/8bIjpLrr34pMMt+/wQo1bNssHS8squz2aXKz3TVWDKhZg7TxZK7boMY1WQND9APUEtavopIBsrPqwC4Z3qESw=="],

    "aws-cdk-lib/@balena/dockerignore": ["@balena/dockerignore@1.0.2", "", { "bundled": true }, "sha512-wMue2Sy4GAVTk6Ic4tJVcnfdau+gx2EnG7S+uAEe+TWJFqE4YoWN4/H8MSLj4eYJKxGg26lZwboEniNiNwZQ6Q=="],

    "aws-cdk-lib/ajv": ["ajv@8.17.1", "", { "dependencies": { "fast-deep-equal": "^3.1.3", "fast-uri": "^3.0.1", "json-schema-traverse": "^1.0.0", "require-from-string": "^2.0.2" } }, "sha512-B/gBuNg5SiMTrPkC+A2+cW0RszwxYmn6VYxB/inlBStS5nx6xHIt/ehKRhIMhqusl7a8LjQoZnjCs5vhwxOQ1g=="],

    "aws-cdk-lib/ansi-regex": ["ansi-regex@5.0.1", "", {}, "sha512-quJQXlTSUGL2LH9SUXo8VwsY4soanhgo6LNSm84E1LBcE8s3O0wpdiRzyR9z/ZZJMlMWv37qOOb9pdJlMUEKFQ=="],

    "aws-cdk-lib/ansi-styles": ["ansi-styles@4.3.0", "", { "dependencies": { "color-convert": "^2.0.1" } }, "sha512-zbB9rCJAT1rbjiVDb2hqKFHNYLxgtk8NURxZ3IZwD3F6NtxbXZQCnnSi1Lkx+IDohdPlFp222wVALIheZJQSEg=="],

    "aws-cdk-lib/astral-regex": ["astral-regex@2.0.0", "", {}, "sha512-Z7tMw1ytTXt5jqMcOP+OQteU1VuNK9Y02uuJtKQ1Sv69jXQKKg5cibLwGJow8yzZP+eAc18EmLGPal0bp36rvQ=="],

    "aws-cdk-lib/balanced-match": ["balanced-match@4.0.4", "", {}, "sha512-BLrgEcRTwX2o6gGxGOCNyMvGSp35YofuYzw9h1IMTRmKqttAZZVU67bdb9Pr2vUHA8+j3i2tJfjO6C6+4myGTA=="],

    "aws-cdk-lib/brace-expansion": ["brace-expansion@5.0.6", "", { "dependencies": { "balanced-match": "^4.0.2" } }, "sha512-kLpxurY4Z4r9sgMsyG0Z9uzsBlgiU/EFKhj/h91/8yHu0edo7XuixOIH3VcJ8kkxs6/jPzoI6U9Vj3WqbMQ94g=="],

    "aws-cdk-lib/case": ["case@1.6.3", "", { "bundled": true }, "sha512-mzDSXIPaFwVDvZAHqZ9VlbyF4yyXRuX6IvB06WvPYkqJVO24kX1PPhv9bfpKNFZyxYFmmgo03HUiD8iklmJYRQ=="],

    "aws-cdk-lib/color-convert": ["color-convert@2.0.1", "", { "dependencies": { "color-name": "~1.1.4" } }, "sha512-RRECPsj7iu/xb5oKYcsFHSppFNnsj/52OVTRKb4zP5onXwVF3zVmmToNcOfGC+CRDpfK/U584fMg38ZHCaElKQ=="],

    "aws-cdk-lib/color-name": ["color-name@1.1.4", "", {}, "sha512-dOy+3AuW3a2wNbZHIuMZpTcgjGuLU/uBL/ubcZF9OXbDo8ff4O8yVp5Bf0efS8uEoYo5q4Fx7dY9OgQGXgAsQA=="],

    "aws-cdk-lib/emoji-regex": ["emoji-regex@8.0.0", "", {}, "sha512-MSjYzcWNOA0ewAHpz0MxpYFvwg6yjy1NG3xteoqz644VCo/RPgnr1/GGt+ic3iJTzQ8Eu3TdM14SawnVUmGE6A=="],

    "aws-cdk-lib/fast-deep-equal": ["fast-deep-equal@3.1.3", "", {}, "sha512-f3qQ9oQy9j2AhBe/H9VC91wLmKBCCU/gDOnKNAYG5hswO7BLKj09Hc5HYNz9cGI++xlpDCIgDaitVs03ATR84Q=="],

    "aws-cdk-lib/fast-uri": ["fast-uri@3.1.0", "", {}, "sha512-iPeeDKJSWf4IEOasVVrknXpaBV0IApz/gp7S2bb7Z4Lljbl2MGJRqInZiUrQwV16cpzw/D3S5j5Julj/gT52AA=="],

    "aws-cdk-lib/fs-extra": ["fs-extra@11.3.5", "", { "dependencies": { "graceful-fs": "^4.2.0", "jsonfile": "^6.0.1", "universalify": "^2.0.0" }, "bundled": true }, "sha512-eKpRKAovdpZtR1WopLHxlBWvAgPny3c4gX1G5Jhwmmw4XJj0ifSD5qB5TOo8hmA0wlRKDAOAhEE1yVPgs6Fgcg=="],

    "aws-cdk-lib/graceful-fs": ["graceful-fs@4.2.11", "", {}, "sha512-RbJ5/jmFcNNCcDV5o9eTnBLJ/HszWV0P73bc+Ff4nS/rJj+YaS6IGyiOL0VoBYX+l1Wrl3k63h/KrH+nhJ0XvQ=="],

    "aws-cdk-lib/ignore": ["ignore@5.3.2", "", { "bundled": true }, "sha512-hsBTNUqQTDwkWtcdYI2i06Y/nUBEsNEDJKjWdigLvegy8kDuJAS8uRlpkkcQpyEXL0Z/pjDy5HBmMjRCJ2gq+g=="],

    "aws-cdk-lib/is-fullwidth-code-point": ["is-fullwidth-code-point@3.0.0", "", {}, "sha512-zymm5+u+sCsSWyD9qNaejV3DFvhCKclKdizYaJUuHA83RLjb7nSuGnddCHGv0hk+KY7BMAlsWeK4Ueg6EV6XQg=="],

    "aws-cdk-lib/json-schema-traverse": ["json-schema-traverse@1.0.0", "", {}, "sha512-NM8/P9n3XjXhIZn1lLhkFaACTOURQXjWhV4BA/RnOv8xvgqtqpAX9IO4mRQxSx1Rlo4tqzeqb0sOlruaOy3dug=="],

    "aws-cdk-lib/jsonfile": ["jsonfile@6.2.0", "", { "dependencies": { "universalify": "^2.0.0" }, "optionalDependencies": { "graceful-fs": "^4.1.6" } }, "sha512-FGuPw30AdOIUTRMC2OMRtQV+jkVj2cfPqSeWXv1NEAJ1qZ5zb1X6z1mFhbfOB/iy3ssJCD+3KuZ8r8C3uVFlAg=="],

    "aws-cdk-lib/jsonschema": ["jsonschema@1.5.0", "", { "bundled": true }, "sha512-K+A9hhqbn0f3pJX17Q/7H6yQfD/5OXgdrR5UE12gMXCiN9D5Xq2o5mddV2QEcX/bjla99ASsAAQUyMCCRWAEhw=="],

    "aws-cdk-lib/lodash.truncate": ["lodash.truncate@4.4.2", "", {}, "sha512-jttmRe7bRse52OsWIMDLaXxWqRAmtIUccAQ3garviCqJjafXOfNMO0yMfNpdD6zbGaTU0P5Nz7e7gAT6cKmJRw=="],

    "aws-cdk-lib/mime-db": ["mime-db@1.52.0", "", {}, "sha512-sPU4uV7dYlvtWJxwwxHD0PuihVNiE7TyAbQ5SWxDCB9mUYvOgroQOwYQQOKPJ8CIbE+1ETVlOoK1UC2nU3gYvg=="],

    "aws-cdk-lib/mime-types": ["mime-types@2.1.35", "", { "dependencies": { "mime-db": "1.52.0" }, "bundled": true }, "sha512-ZDY+bPm5zTTF+YpCrAU9nK0UgICYPT0QtT1NZWFv4s++TNkcgVaT0g6+4R2uI4MjQjzysHB1zxuWL50hzaeXiw=="],

    "aws-cdk-lib/minimatch": ["minimatch@10.2.5", "", { "dependencies": { "brace-expansion": "^5.0.5" }, "bundled": true }, "sha512-MULkVLfKGYDFYejP07QOurDLLQpcjk7Fw+7jXS2R2czRQzR56yHRveU5NDJEOviH+hETZKSkIk5c+T23GjFUMg=="],

    "aws-cdk-lib/punycode": ["punycode@2.3.1", "", { "bundled": true }, "sha512-vYt7UD1U9Wg6138shLtLOvdAu+8DsC/ilFtEVHcH+wydcSpNE20AfSOduf6MkRFahL5FY7X1oU7nKVZFtfq8Fg=="],

    "aws-cdk-lib/require-from-string": ["require-from-string@2.0.2", "", {}, "sha512-Xf0nWe6RseziFMu+Ap9biiUbmplq6S9/p+7w7YXP/JBHhrUDDUhwa+vANyubuqfZWTveU//DYVGsDG7RKL/vEw=="],

    "aws-cdk-lib/semver": ["semver@7.8.0", "", { "bundled": true, "bin": { "semver": "bin/semver.js" } }, "sha512-AcM7dV/5ul4EekoQ29Agm5vri8JNqRyj39o0qpX6vDF2GZrtutZl5RwgD1XnZjiTAfncsJhMI48QQH3sN87YNA=="],

    "aws-cdk-lib/slice-ansi": ["slice-ansi@4.0.0", "", { "dependencies": { "ansi-styles": "^4.0.0", "astral-regex": "^2.0.0", "is-fullwidth-code-point": "^3.0.0" } }, "sha512-qMCMfhY040cVHT43K9BFygqYbUPFZKHOg7K73mtTWJRb8pyP3fzf4Ixd5SzdEJQ6MRUg/WBnOLxghZtKKurENQ=="],

    "aws-cdk-lib/string-width": ["string-width@4.2.3", "", { "dependencies": { "emoji-regex": "^8.0.0", "is-fullwidth-code-point": "^3.0.0", "strip-ansi": "^6.0.1" } }, "sha512-wKyQRQpjJ0sIp62ErSZdGsjMJWsap5oRNihHhu6G7JVO/9jIB6UyevL+tXuOqrng8j/cxKTWyWUwvSTriiZz/g=="],

    "aws-cdk-lib/strip-ansi": ["strip-ansi@6.0.1", "", { "dependencies": { "ansi-regex": "^5.0.1" } }, "sha512-Y38VPSHcqkFrCpFnQ9vuSXmquuv5oXOKpGeT6aGrr3o3Gc9AlVa6JBfUSOCnbxGGZF+/0ooI7KrPuUSztUdU5A=="],

    "aws-cdk-lib/table": ["table@6.9.0", "", { "dependencies": { "ajv": "^8.0.1", "lodash.truncate": "^4.4.2", "slice-ansi": "^4.0.0", "string-width": "^4.2.3", "strip-ansi": "^6.0.1" }, "bundled": true }, "sha512-9kY+CygyYM6j02t5YFHbNz2FN5QmYGv9zAjVp4lCDjlCw7amdckXlEt/bjMhUIfj4ThGRE4gCUH5+yGnNuPo5A=="],

    "aws-cdk-lib/universalify": ["universalify@2.0.1", "", {}, "sha512-gptHNQghINnc/vTGIk0SOFGFNXw7JVrlRUtConJRlvaw6DuX0wO5Jeko9sWrMBhh+PsYAZ7oXAiOnf/UKogyiw=="],

    "aws-cdk-lib/yaml": ["yaml@1.10.3", "", { "bundled": true }, "sha512-vIYeF1u3CjlhAFekPPAk2h/Kv4T3mAkMox5OymRiJQB0spDP10LHvt+K7G9Ny6NuuMAb25/6n1qyUjAcGNf/AA=="],

    "openapi3-ts/yaml": ["yaml@2.8.1", "", { "bin": { "yaml": "bin.mjs" } }, "sha512-lcYcMxX2PO9XMGvAJkJ3OsNMw+/7FKes7/hgerGUYWIoWu5j/+YQqcZr5JnPZWzOsEBgMbSbiSTn/dv/69Mkpw=="],

    "zod-to-openapi/openapi3-ts": ["openapi3-ts@2.0.2", "", { "dependencies": { "yaml": "^1.10.2" } }, "sha512-TxhYBMoqx9frXyOgnRHufjQfPXomTIHYKhSKJ6jHfj13kS8OEIhvmE8CTuQyKtjjWttAjX5DPxM1vmalEpo8Qw=="],

    "zod-to-openapi/typescript": ["typescript@4.9.5", "", { "bin": { "tsc": "bin/tsc", "tsserver": "bin/tsserver" } }, "sha512-1FXk9E2Hm+QzZQ7z+McJiHL4NW1F2EzMu9Nq9i3zAaGqibafqYwCVU6WyWAuyQRRzOlxou8xZSyXLEN8oKj24g=="],

    "@aws-crypto/sha256-browser/@aws-sdk/types/@smithy/types": ["@smithy/types@4.6.0", "", { "dependencies": { "tslib": "^2.6.2" } }, "sha512-4lI9C8NzRPOv66FaY1LL1O/0v0aLVrq/mXP/keUa9mJOApEeae43LsLd2kZRUJw91gxOQfLIrV3OvqPgWz1YsA=="],

    "@aws-crypto/sha256-js/@aws-sdk/types/@smithy/types": ["@smithy/types@4.6.0", "", { "dependencies": { "tslib": "^2.6.2" } }, "sha512-4lI9C8NzRPOv66FaY1LL1O/0v0aLVrq/mXP/keUa9mJOApEeae43LsLd2kZRUJw91gxOQfLIrV3OvqPgWz1YsA=="],

    "@aws-crypto/util/@aws-sdk/types/@smithy/types": ["@smithy/types@4.6.0", "", { "dependencies": { "tslib": "^2.6.2" } }, "sha512-4lI9C8NzRPOv66FaY1LL1O/0v0aLVrq/mXP/keUa9mJOApEeae43LsLd2kZRUJw91gxOQfLIrV3OvqPgWz1YsA=="],

    "@types/jsonwebtoken/@types/node/undici-types": ["undici-types@7.14.0", "", {}, "sha512-QQiYxHuyZ9gQUIrmPo3IA+hUl4KYk8uSA7cHrcKd/l3p1OTpZcM0Tbp9x7FAtXdAYhlasd60ncPpgu6ihG6TOA=="],

    "aws-cdk-lib/@aws-cdk/cloud-assembly-api/jsonschema": ["jsonschema@1.4.1", "", {}, "sha512-S6cATIPVv1z0IlxdN+zUk5EPjkGCdnhN4wVSBlvoUO1tOLJootbo9CquNJmbIh4yikWHiUedhRYrNPn1arpEmQ=="],

    "aws-cdk-lib/@aws-cdk/cloud-assembly-schema/jsonschema": ["jsonschema@1.4.1", "", { "bundled": true }, "sha512-S6cATIPVv1z0IlxdN+zUk5EPjkGCdnhN4wVSBlvoUO1tOLJootbo9CquNJmbIh4yikWHiUedhRYrNPn1arpEmQ=="],

    "aws-cdk-lib/@aws-cdk/cloud-assembly-schema/semver": ["semver@7.8.0", "", { "bundled": true, "bin": { "semver": "bin/semver.js" } }, "sha512-AcM7dV/5ul4EekoQ29Agm5vri8JNqRyj39o0qpX6vDF2GZrtutZl5RwgD1XnZjiTAfncsJhMI48QQH3sN87YNA=="],

    "zod-to-openapi/openapi3-ts/yaml": ["yaml@1.10.2", "", {}, "sha512-r3vXyErRCYJ7wg28yvBY5VSoAF8ZvlcW9/BwUzEtUsjvX/DKs24dIkuwjtuprwJJHsbyUbLApepYTR1BN4uHrg=="],
  }
}
